github.com/google/uuid v1.4.0 h1:MtMxsa51/r9yyhkyLsVeVt0B+BGQZzpQiTQ4eHZ8bc4=
github.com/google/uuid v1.4.0/go.mod h1:TIyPZe4MgqvfeYDBFedMoGGpEw/LqOeaOT+nhxU+yHo=
github.com/maxence-charriere/go-app/v9 v9.8.0 h1:rDfLNvxIKXyjpRS76P45kn9Xj8IumwfoqpsEJYxfd+E=
github.com/maxence-charriere/go-app/v9 v9.8.0/go.mod h1:gzgFoeaDuoNHw9MbJraTCKIoKtZ/SoIfOIHHn2FOffc=
